
Microsoft Visual Studio Solution File, Format Version 12.00
# Visual Studio 15
VisualStudioVersion = 15.0.28307.168
MinimumVisualStudioVersion = 10.0.40219.1
Project("{FAE04EC0-301F-11D3-BF4B-00C04F79EFBC}") = "Fluent", "Fluent\Fluent.csproj", "{F9ED2A11-F685-4B38-AA40-1F7621AB8A35}"
EndProject
Global
	GlobalSection(SolutionConfigurationPlatforms) = preSolution
		Debug|Any CPU = Debug|Any CPU
		Release|Any CPU = Release|Any CPU
	EndGlobalSection
	GlobalSection(ProjectConfigurationPlatforms) = postSolution
		{F9ED2A11-F685-4B38-AA40-1F7621AB8A35}.Debug|Any CPU.ActiveCfg = Debug|Any CPU
		{F9ED2A11-F685-4B38-AA40-1F7621AB8A35}.Debug|Any CPU.Build.0 = Debug|Any CPU
		{F9ED2A11-F685-4B38-AA40-1F7621AB8A35}.Release|Any CPU.ActiveCfg = Release|Any CPU
		{F9ED2A11-F685-4B38-AA40-1F7621AB8A35}.Release|Any CPU.Build.0 = Release|Any CPU
	EndGlobalSection
	GlobalSection(SolutionProperties) = preSolution
		HideSolutionNode = FALSE
	EndGlobalSection
	GlobalSection(ExtensibilityGlobals) = postSolution
		SolutionGuid = {9B2E45A8-8D84-4D3B-91E3-6897DF93663E}
	EndGlobalSection
EndGlobal
